{
    "_readme": [
        "This file locks the dependencies of your project to a known state",
        "Read more about it at http://getcomposer.org/doc/01-basic-usage.md#composer-lock-the-lock-file"
    ],
    "hash": "9545dd10eb8a4f93de7a065f2e02c050",
    "packages": [
        {
            "name": "nekoo/EventEmitter",
            "version": "v1.0.2",
            "source": {
                "type": "git",
                "url": "https://github.com/christopherobin/EventEmitter",
                "reference": "v1.0.2"
            },
            "dist": {
                "type": "zip",
                "url": "https://github.com/christopherobin/EventEmitter/zipball/v1.0.2",
                "reference": "v1.0.2",
                "shasum": ""
            },
            "require": {
                "php": ">=5.4.0"
            },
            "type": "library",
            "autoload": {
                "psr-0": {
                    "Nekoo": "src/"
                }
            },
            "notification-url": "https://packagist.org/downloads/",
            "license": [
                "MIT"
            ],
            "authors": [
                {
                    "name": "Christophe Robin",
                    "email": "crobin@nekoo.com"
                }
            ],
            "description": "Port of NodeJSs EventEmitter to PHP 5.4 using traits",
            "homepage": "https://github.com/christopherobin/EventEmitter",
            "keywords": [
                "event",
                "listener",
                "observer"
            ],
            "time": "2012-04-09 18:21:47"
        }
    ],
    "packages-dev": [
        {
            "name": "treshugart/testes",
            "version": "1.0.x-dev",
            "source": {
                "type": "git",
                "url": "https://github.com/treshugart/Testes.git",
                "reference": "7ab5d2a2456a0db4a7345ce55b9be05c007ae978"
            },
            "dist": {
                "type": "zip",
                "url": "https://api.github.com/repos/treshugart/Testes/zipball/7ab5d2a2456a0db4a7345ce55b9be05c007ae978",
                "reference": "7ab5d2a2456a0db4a7345ce55b9be05c007ae978",
                "shasum": ""
            },
            "require": {
                "php": ">=5.4.0"
            },
            "require-dev": {
                "ext-xdebug": "*"
            },
            "type": "library",
            "autoload": {
                "psr-0": {
                    "Testes": "src"
                }
            },
            "notification-url": "https://packagist.org/downloads/",
            "license": [
                "MIT"
            ],
            "authors": [
                {
                    "name": "Trey Shugart",
                    "email": "treshugart@gmail.com",
                    "homepage": "http://iamtres.com",
                    "role": "Lead Developer"
                }
            ],
            "description": "Dead simple unit and story test framework.",
            "homepage": "http://github.com/treshugart/Testes",
            "keywords": [
                "BDD",
                "Behavior",
                "development",
                "driven",
                "story",
                "test",
                "testing",
                "unit"
            ],
            "time": "2013-05-22 00:15:25"
        }
    ],
    "aliases": [

    ],
    "minimum-stability": "stable",
    "stability-flags": {
        "treshugart/testes": 20
    },
    "platform": {
        "php": ">=5.4.0"
    },
    "platform-dev": [

    ]
}
